SITE
  remote: https://supermarket.getchef.com/api/v1
  specs:
    build-essential (2.2.3)
    dmg (2.2.2)
    homebrew (1.13.0)
      build-essential (>= 2.1.2)

GIT
  remote: git://github.com/pivotal-sprout/osx.git
  ref: master
  sha: 70ef029c8b25dbab5be2fb328b987297c05936db
  specs:
    osx (0.1.0)

GIT
  remote: git://github.com/pivotal-sprout/sprout-base.git
  ref: master
  sha: cfac611a3515fe52e90d73403036403b487b1c33
  specs:
    sprout-base (0.2.0)

GIT
  remote: git://github.com/pivotal-sprout/sprout-git.git
  ref: master
  sha: 7745b31d296bee2785ac32a6b7d1524a6be99e63
  specs:
    sprout-git (0.1.1)
      homebrew (>= 0.0.0)
      sprout-base (>= 0.0.0)

GIT
  remote: git://github.com/pivotal-sprout/sprout-homebrew.git
  ref: master
  sha: a2449dcc434ecd325abc150c75c39b7f6979f413
  specs:
    sprout-homebrew (0.2.0)
      homebrew (>= 1.5.4)

GIT
  remote: git://github.com/pivotal-sprout/sprout-jetbrains-editors.git
  ref: master
  sha: c7f1ef6d25e1ba0ee16f59d1a6aa45d221890fe2
  specs:
    sprout-jetbrains-editors (0.1.0)
      sprout-base (>= 0.0.0)
      sprout-homebrew (>= 0.0.0)

GIT
  remote: git://github.com/pivotal-sprout/sprout-mysql.git
  ref: master
  sha: 7501fffff8a5c6e9237b295ab586595eeb2bb06e
  specs:
    sprout-mysql (0.1.0)
      homebrew (>= 0.0.0)
      sprout-base (>= 0.0.0)

GIT
  remote: git://github.com/pivotal-sprout/sprout-osx-apps.git
  ref: master
  sha: ba546bbae0450d58025e42bdff83f546a2689075
  specs:
    sprout-osx-apps (0.1.0)
      dmg (>= 0.0.0)
      homebrew (>= 1.6.6)
      sprout-base (>= 0.0.0)
      sprout-osx-settings (>= 0.0.0)

GIT
  remote: git://github.com/pivotal-sprout/sprout-osx-settings.git
  ref: master
  sha: fa7f68da19bbb9cc45da22020d9043fcfc7ee73e
  specs:
    sprout-osx-settings (0.1.0)
      homebrew (>= 0.0.0)
      osx (>= 0.0.0)
      sprout-base (>= 0.0.0)

GIT
  remote: git://github.com/pivotal-sprout/sprout-postgresql.git
  ref: master
  sha: 4dda423c52414507123d084d3acee07f36d7ae94
  specs:
    sprout-postgresql (0.1.0)
      homebrew (>= 1.5.4)
      sprout-base (>= 0.0.0)

GIT
  remote: git://github.com/pivotal-sprout/sprout-rbenv.git
  ref: master
  sha: 7436b84ac159c026961c66b7f96387755f554617
  specs:
    sprout-rbenv (0.1.0)
      homebrew (>= 0.0.0)
      sprout-base (>= 0.0.0)

GIT
  remote: git://github.com/pivotal-sprout/sprout-redis.git
  ref: master
  sha: b2c856a6558a78941b20be52593cb353def14424
  specs:
    sprout-redis (0.1.0)
      homebrew (>= 0.0.0)
      sprout-base (>= 0.0.0)

GIT
  remote: git://github.com/pivotal-sprout/sprout-ruby.git
  ref: master
  sha: d6430744f515a2acce32580c03ba27e1fe0dea2e
  specs:
    sprout-ruby (0.1.0)
      sprout-base (>= 0.0.0)

GIT
  remote: git://github.com/pivotal-sprout/sprout-rubymine.git
  ref: master
  sha: 17ba0c71929dc7602ed12d0e77b136a19f8f36d1
  specs:
    sprout-rubymine (0.1.0)
      sprout-base (>= 0.0.0)
      sprout-homebrew (>= 0.0.0)

GIT
  remote: git://github.com/pivotal-sprout/sprout-terminal.git
  ref: master
  sha: b876a708f173d8fed4e1ce7ac0aa87cefc20a1a0
  specs:
    sprout-terminal (0.1.0)
      osx (>= 0.0.0)
      sprout-base (>= 0.0.0)

GIT
  remote: git://github.com/pivotal-sprout/sprout-vim.git
  ref: master
  sha: 8e6133a33f62abc9f1e5232bee446b74e45c4753
  specs:
    sprout-vim (0.1.0)
      homebrew (>= 0.0.0)
      sprout-base (>= 0.0.0)
      sprout-osx-apps (>= 0.0.0)

PATH
  remote: .
  specs:
    cf-bosh (0.1.0)
      cf-common (>= 0.0.0)
      sprout-base (>= 0.0.0)
      sprout-osx-apps (>= 0.0.0)

PATH
  remote: ..
  specs:
    cf-common (0.1.0)
      homebrew (>= 1.6.6)
      sprout-base (>= 0.0.0)
      sprout-git (>= 0.0.0)
      sprout-homebrew (>= 0.0.0)
      sprout-mysql (>= 0.0.0)
      sprout-osx-apps (>= 0.0.0)
      sprout-postgresql (>= 0.0.0)
      sprout-redis (>= 0.0.0)
    cf-vim (0.1.0)
      homebrew (>= 0.0.0)
      sprout-base (>= 0.0.0)
      sprout-homebrew (>= 0.0.0)

DEPENDENCIES
  cf-bosh (>= 0)
  cf-common (>= 0)
  cf-vim (>= 0)
  dmg (>= 0)
  osx (>= 0)
  sprout-base (>= 0)
  sprout-git (>= 0)
  sprout-homebrew (>= 0)
  sprout-jetbrains-editors (>= 0)
  sprout-mysql (>= 0)
  sprout-osx-apps (>= 0)
  sprout-osx-settings (>= 0)
  sprout-postgresql (>= 0)
  sprout-rbenv (>= 0)
  sprout-redis (>= 0)
  sprout-ruby (>= 0)
  sprout-rubymine (>= 0)
  sprout-terminal (>= 0)
  sprout-vim (>= 0)

